
Microsoft Visual Studio Solution File, Format Version 12.00
# Visual Studio Version 16
VisualStudioVersion = 16.0.29519.87
MinimumVisualStudioVersion = 10.0.40219.1
Project("{FAE04EC0-301F-11D3-BF4B-00C04F79EFBC}") = "001_Variables", "ConsoleApp1\001_Variables.csproj", "{5BCFCF9E-E14B-4F4F-AAFB-4EAE8808D1B5}"
EndProject
Project("{FAE04EC0-301F-11D3-BF4B-00C04F79EFBC}") = "002_Alias", "ConsoleApp2\002_Alias.csproj", "{DD7FAFA0-1E8D-46FA-AD51-5A198CC3D446}"
EndProject
Project("{FAE04EC0-301F-11D3-BF4B-00C04F79EFBC}") = "003_Types", "ConsoleApp3\003_Types.csproj", "{94D2A857-74E5-4444-9E48-06651026C5B4}"
EndProject
Project("{FAE04EC0-301F-11D3-BF4B-00C04F79EFBC}") = "004_DefaultValue", "ConsoleApp4\004_DefaultValue.csproj", "{3A840B4C-4CD7-4707-A099-DCAC3047C8C5}"
EndProject
Project("{FAE04EC0-301F-11D3-BF4B-00C04F79EFBC}") = "005_Constant", "005\005_Constant.csproj", "{127E6007-7745-45B7-9E1C-F6C681814868}"
EndProject
Project("{FAE04EC0-301F-11D3-BF4B-00C04F79EFBC}") = "007_TypeConversion", "006\007_TypeConversion.csproj", "{AF705377-0D64-42DF-A4CC-AD89D1CF0BCF}"
EndProject
Project("{FAE04EC0-301F-11D3-BF4B-00C04F79EFBC}") = "006_Variable_Name", "007\006_Variable_Name.csproj", "{F11D9EB5-1C5E-43FB-B021-F73CF1A61F80}"
EndProject
Project("{FAE04EC0-301F-11D3-BF4B-00C04F79EFBC}") = "008_MathOperations", "ConsoleApp6\008_MathOperations.csproj", "{72BC78C0-F178-4626-84E8-F33F9D2E8F52}"
EndProject
Project("{FAE04EC0-301F-11D3-BF4B-00C04F79EFBC}") = "009_Multiple_Аd", "ConsoleApp7\009_Multiple_Аd.csproj", "{4C1934C9-EE00-4F75-93A0-9E850DB0B10F}"
EndProject
Project("{FAE04EC0-301F-11D3-BF4B-00C04F79EFBC}") = "010_Exponentiation", "ConsoleApp8\010_Exponentiation.csproj", "{5B8773D3-E7BB-441C-9505-A80BC7368AB0}"
EndProject
Project("{FAE04EC0-301F-11D3-BF4B-00C04F79EFBC}") = "011_Square_Root_Extraction", "ConsoleApp9\011_Square_Root_Extraction.csproj", "{043C6A8F-F2B8-4A5D-AF50-686F67DBED5A}"
EndProject
Project("{FAE04EC0-301F-11D3-BF4B-00C04F79EFBC}") = "012_Increment", "ConsoleApp10\012_Increment.csproj", "{0CC8D717-3EE2-4B47-98EB-C993D8164527}"
EndProject
Project("{FAE04EC0-301F-11D3-BF4B-00C04F79EFBC}") = "013_Decrement", "ConsoleApp11\013_Decrement.csproj", "{65A20CA6-6585-4C4A-8E1F-FBF9A8E727AB}"
EndProject
Project("{FAE04EC0-301F-11D3-BF4B-00C04F79EFBC}") = "014_Local_Variables", "LocalVariables\014_Local_Variables.csproj", "{81B0017B-C9FA-4FBC-A8EB-0248554B12C0}"
EndProject
Project("{FAE04EC0-301F-11D3-BF4B-00C04F79EFBC}") = "015_Concatenation", "015_Concatenation\015_Concatenation.csproj", "{C5ECD44F-F320-4911-A0CD-86C8B1988EEC}"
EndProject
Project("{FAE04EC0-301F-11D3-BF4B-00C04F79EFBC}") = "016_String_Format", "016_String_Format\016_String_Format.csproj", "{EAC35DFF-4767-4302-80EE-4765DBC31E13}"
EndProject
Project("{FAE04EC0-301F-11D3-BF4B-00C04F79EFBC}") = "017_Formatting_Number", "017_Formatting_Number\017_Formatting_Number.csproj", "{4E220824-A297-4CC7-954B-54CB106F71AE}"
EndProject
Project("{FAE04EC0-301F-11D3-BF4B-00C04F79EFBC}") = "019_Var", "018_Var\019_Var.csproj", "{44B50DD9-A232-4F42-9040-6F91779DFFAF}"
EndProject
Project("{FAE04EC0-301F-11D3-BF4B-00C04F79EFBC}") = "020_Dynamic", "019_Dynamic\020_Dynamic.csproj", "{9B6A9714-CB2E-4829-A7FB-B8CDA6AE9307}"
EndProject
Project("{FAE04EC0-301F-11D3-BF4B-00C04F79EFBC}") = "018_Get_Type", "018_Get_Type\018_Get_Type.csproj", "{73BB1163-38DB-4CE3-BAA5-2238BE9A89EE}"
EndProject
Project("{FAE04EC0-301F-11D3-BF4B-00C04F79EFBC}") = "021_SizeOf", "021_SizeOf\021_SizeOf.csproj", "{EE95E014-CAB3-45A6-AC31-56CB50DA672C}"
EndProject
Project("{FAE04EC0-301F-11D3-BF4B-00C04F79EFBC}") = "022_Checked", "022_Checked\022_Checked.csproj", "{57CDE8D4-8EC6-4128-892B-8E97AFC08661}"
EndProject
Project("{FAE04EC0-301F-11D3-BF4B-00C04F79EFBC}") = "023_Unchecked", "022_Unchecked\023_Unchecked.csproj", "{9D3C23FC-A111-44A1-B75C-E7E64C7D21D7}"
EndProject
Project("{FAE04EC0-301F-11D3-BF4B-00C04F79EFBC}") = "024_Checked_and_Unchecked", "024_Checked_and_Unchecked\024_Checked_and_Unchecked.csproj", "{70BF32E1-3072-411D-8671-CEC52EAA2DA9}"
EndProject
Project("{FAE04EC0-301F-11D3-BF4B-00C04F79EFBC}") = "025_Assignment", "ConsoleApp12\025_Assignment.csproj", "{DCA97DDB-828F-4B0A-960C-2EF04AA60316}"
EndProject
Project("{FAE04EC0-301F-11D3-BF4B-00C04F79EFBC}") = "026_Comparison", "026_Comparison\026_Comparison.csproj", "{5816F466-E2B8-4B24-8ED3-F52971DE735A}"
EndProject
Project("{FAE04EC0-301F-11D3-BF4B-00C04F79EFBC}") = "027_Comparison", "027_Comparison\027_Comparison.csproj", "{AD1995AE-53FD-42D1-A341-5C19600A2A41}"
EndProject
Project("{FAE04EC0-301F-11D3-BF4B-00C04F79EFBC}") = "028_Convert", "ConsoleApp13\028_Convert.csproj", "{5C49288E-FC64-425E-9E9B-3073F384CAD3}"
EndProject
Project("{FAE04EC0-301F-11D3-BF4B-00C04F79EFBC}") = "029_DateTime", "029_DateTime\029_DateTime.csproj", "{A9027F73-54FE-4277-98B2-FB4D236064AE}"
EndProject
Global
	GlobalSection(SolutionConfigurationPlatforms) = preSolution
		Debug|Any CPU = Debug|Any CPU
		Release|Any CPU = Release|Any CPU
	EndGlobalSection
	GlobalSection(ProjectConfigurationPlatforms) = postSolution
		{5BCFCF9E-E14B-4F4F-AAFB-4EAE8808D1B5}.Debug|Any CPU.ActiveCfg = Debug|Any CPU
		{5BCFCF9E-E14B-4F4F-AAFB-4EAE8808D1B5}.Debug|Any CPU.Build.0 = Debug|Any CPU
		{5BCFCF9E-E14B-4F4F-AAFB-4EAE8808D1B5}.Release|Any CPU.ActiveCfg = Release|Any CPU
		{5BCFCF9E-E14B-4F4F-AAFB-4EAE8808D1B5}.Release|Any CPU.Build.0 = Release|Any CPU
		{DD7FAFA0-1E8D-46FA-AD51-5A198CC3D446}.Debug|Any CPU.ActiveCfg = Debug|Any CPU
		{DD7FAFA0-1E8D-46FA-AD51-5A198CC3D446}.Debug|Any CPU.Build.0 = Debug|Any CPU
		{DD7FAFA0-1E8D-46FA-AD51-5A198CC3D446}.Release|Any CPU.ActiveCfg = Release|Any CPU
		{DD7FAFA0-1E8D-46FA-AD51-5A198CC3D446}.Release|Any CPU.Build.0 = Release|Any CPU
		{94D2A857-74E5-4444-9E48-06651026C5B4}.Debug|Any CPU.ActiveCfg = Debug|Any CPU
		{94D2A857-74E5-4444-9E48-06651026C5B4}.Debug|Any CPU.Build.0 = Debug|Any CPU
		{94D2A857-74E5-4444-9E48-06651026C5B4}.Release|Any CPU.ActiveCfg = Release|Any CPU
		{94D2A857-74E5-4444-9E48-06651026C5B4}.Release|Any CPU.Build.0 = Release|Any CPU
		{3A840B4C-4CD7-4707-A099-DCAC3047C8C5}.Debug|Any CPU.ActiveCfg = Debug|Any CPU
		{3A840B4C-4CD7-4707-A099-DCAC3047C8C5}.Debug|Any CPU.Build.0 = Debug|Any CPU
		{3A840B4C-4CD7-4707-A099-DCAC3047C8C5}.Release|Any CPU.ActiveCfg = Release|Any CPU
		{3A840B4C-4CD7-4707-A099-DCAC3047C8C5}.Release|Any CPU.Build.0 = Release|Any CPU
		{127E6007-7745-45B7-9E1C-F6C681814868}.Debug|Any CPU.ActiveCfg = Debug|Any CPU
		{127E6007-7745-45B7-9E1C-F6C681814868}.Debug|Any CPU.Build.0 = Debug|Any CPU
		{127E6007-7745-45B7-9E1C-F6C681814868}.Release|Any CPU.ActiveCfg = Release|Any CPU
		{127E6007-7745-45B7-9E1C-F6C681814868}.Release|Any CPU.Build.0 = Release|Any CPU
		{AF705377-0D64-42DF-A4CC-AD89D1CF0BCF}.Debug|Any CPU.ActiveCfg = Debug|Any CPU
		{AF705377-0D64-42DF-A4CC-AD89D1CF0BCF}.Debug|Any CPU.Build.0 = Debug|Any CPU
		{AF705377-0D64-42DF-A4CC-AD89D1CF0BCF}.Release|Any CPU.ActiveCfg = Release|Any CPU
		{AF705377-0D64-42DF-A4CC-AD89D1CF0BCF}.Release|Any CPU.Build.0 = Release|Any CPU
		{F11D9EB5-1C5E-43FB-B021-F73CF1A61F80}.Debug|Any CPU.ActiveCfg = Debug|Any CPU
		{F11D9EB5-1C5E-43FB-B021-F73CF1A61F80}.Debug|Any CPU.Build.0 = Debug|Any CPU
		{F11D9EB5-1C5E-43FB-B021-F73CF1A61F80}.Release|Any CPU.ActiveCfg = Release|Any CPU
		{F11D9EB5-1C5E-43FB-B021-F73CF1A61F80}.Release|Any CPU.Build.0 = Release|Any CPU
		{72BC78C0-F178-4626-84E8-F33F9D2E8F52}.Debug|Any CPU.ActiveCfg = Debug|Any CPU
		{72BC78C0-F178-4626-84E8-F33F9D2E8F52}.Debug|Any CPU.Build.0 = Debug|Any CPU
		{72BC78C0-F178-4626-84E8-F33F9D2E8F52}.Release|Any CPU.ActiveCfg = Release|Any CPU
		{72BC78C0-F178-4626-84E8-F33F9D2E8F52}.Release|Any CPU.Build.0 = Release|Any CPU
		{4C1934C9-EE00-4F75-93A0-9E850DB0B10F}.Debug|Any CPU.ActiveCfg = Debug|Any CPU
		{4C1934C9-EE00-4F75-93A0-9E850DB0B10F}.Debug|Any CPU.Build.0 = Debug|Any CPU
		{4C1934C9-EE00-4F75-93A0-9E850DB0B10F}.Release|Any CPU.ActiveCfg = Release|Any CPU
		{4C1934C9-EE00-4F75-93A0-9E850DB0B10F}.Release|Any CPU.Build.0 = Release|Any CPU
		{5B8773D3-E7BB-441C-9505-A80BC7368AB0}.Debug|Any CPU.ActiveCfg = Debug|Any CPU
		{5B8773D3-E7BB-441C-9505-A80BC7368AB0}.Debug|Any CPU.Build.0 = Debug|Any CPU
		{5B8773D3-E7BB-441C-9505-A80BC7368AB0}.Release|Any CPU.ActiveCfg = Release|Any CPU
		{5B8773D3-E7BB-441C-9505-A80BC7368AB0}.Release|Any CPU.Build.0 = Release|Any CPU
		{043C6A8F-F2B8-4A5D-AF50-686F67DBED5A}.Debug|Any CPU.ActiveCfg = Debug|Any CPU
		{043C6A8F-F2B8-4A5D-AF50-686F67DBED5A}.Debug|Any CPU.Build.0 = Debug|Any CPU
		{043C6A8F-F2B8-4A5D-AF50-686F67DBED5A}.Release|Any CPU.ActiveCfg = Release|Any CPU
		{043C6A8F-F2B8-4A5D-AF50-686F67DBED5A}.Release|Any CPU.Build.0 = Release|Any CPU
		{0CC8D717-3EE2-4B47-98EB-C993D8164527}.Debug|Any CPU.ActiveCfg = Debug|Any CPU
		{0CC8D717-3EE2-4B47-98EB-C993D8164527}.Debug|Any CPU.Build.0 = Debug|Any CPU
		{0CC8D717-3EE2-4B47-98EB-C993D8164527}.Release|Any CPU.ActiveCfg = Release|Any CPU
		{0CC8D717-3EE2-4B47-98EB-C993D8164527}.Release|Any CPU.Build.0 = Release|Any CPU
		{65A20CA6-6585-4C4A-8E1F-FBF9A8E727AB}.Debug|Any CPU.ActiveCfg = Debug|Any CPU
		{65A20CA6-6585-4C4A-8E1F-FBF9A8E727AB}.Debug|Any CPU.Build.0 = Debug|Any CPU
		{65A20CA6-6585-4C4A-8E1F-FBF9A8E727AB}.Release|Any CPU.ActiveCfg = Release|Any CPU
		{65A20CA6-6585-4C4A-8E1F-FBF9A8E727AB}.Release|Any CPU.Build.0 = Release|Any CPU
		{81B0017B-C9FA-4FBC-A8EB-0248554B12C0}.Debug|Any CPU.ActiveCfg = Debug|Any CPU
		{81B0017B-C9FA-4FBC-A8EB-0248554B12C0}.Debug|Any CPU.Build.0 = Debug|Any CPU
		{81B0017B-C9FA-4FBC-A8EB-0248554B12C0}.Release|Any CPU.ActiveCfg = Release|Any CPU
		{81B0017B-C9FA-4FBC-A8EB-0248554B12C0}.Release|Any CPU.Build.0 = Release|Any CPU
		{C5ECD44F-F320-4911-A0CD-86C8B1988EEC}.Debug|Any CPU.ActiveCfg = Debug|Any CPU
		{C5ECD44F-F320-4911-A0CD-86C8B1988EEC}.Debug|Any CPU.Build.0 = Debug|Any CPU
		{C5ECD44F-F320-4911-A0CD-86C8B1988EEC}.Release|Any CPU.ActiveCfg = Release|Any CPU
		{C5ECD44F-F320-4911-A0CD-86C8B1988EEC}.Release|Any CPU.Build.0 = Release|Any CPU
		{EAC35DFF-4767-4302-80EE-4765DBC31E13}.Debug|Any CPU.ActiveCfg = Debug|Any CPU
		{EAC35DFF-4767-4302-80EE-4765DBC31E13}.Debug|Any CPU.Build.0 = Debug|Any CPU
		{EAC35DFF-4767-4302-80EE-4765DBC31E13}.Release|Any CPU.ActiveCfg = Release|Any CPU
		{EAC35DFF-4767-4302-80EE-4765DBC31E13}.Release|Any CPU.Build.0 = Release|Any CPU
		{4E220824-A297-4CC7-954B-54CB106F71AE}.Debug|Any CPU.ActiveCfg = Debug|Any CPU
		{4E220824-A297-4CC7-954B-54CB106F71AE}.Debug|Any CPU.Build.0 = Debug|Any CPU
		{4E220824-A297-4CC7-954B-54CB106F71AE}.Release|Any CPU.ActiveCfg = Release|Any CPU
		{4E220824-A297-4CC7-954B-54CB106F71AE}.Release|Any CPU.Build.0 = Release|Any CPU
		{44B50DD9-A232-4F42-9040-6F91779DFFAF}.Debug|Any CPU.ActiveCfg = Debug|Any CPU
		{44B50DD9-A232-4F42-9040-6F91779DFFAF}.Debug|Any CPU.Build.0 = Debug|Any CPU
		{44B50DD9-A232-4F42-9040-6F91779DFFAF}.Release|Any CPU.ActiveCfg = Release|Any CPU
		{44B50DD9-A232-4F42-9040-6F91779DFFAF}.Release|Any CPU.Build.0 = Release|Any CPU
		{9B6A9714-CB2E-4829-A7FB-B8CDA6AE9307}.Debug|Any CPU.ActiveCfg = Debug|Any CPU
		{9B6A9714-CB2E-4829-A7FB-B8CDA6AE9307}.Debug|Any CPU.Build.0 = Debug|Any CPU
		{9B6A9714-CB2E-4829-A7FB-B8CDA6AE9307}.Release|Any CPU.ActiveCfg = Release|Any CPU
		{9B6A9714-CB2E-4829-A7FB-B8CDA6AE9307}.Release|Any CPU.Build.0 = Release|Any CPU
		{73BB1163-38DB-4CE3-BAA5-2238BE9A89EE}.Debug|Any CPU.ActiveCfg = Debug|Any CPU
		{73BB1163-38DB-4CE3-BAA5-2238BE9A89EE}.Debug|Any CPU.Build.0 = Debug|Any CPU
		{73BB1163-38DB-4CE3-BAA5-2238BE9A89EE}.Release|Any CPU.ActiveCfg = Release|Any CPU
		{73BB1163-38DB-4CE3-BAA5-2238BE9A89EE}.Release|Any CPU.Build.0 = Release|Any CPU
		{EE95E014-CAB3-45A6-AC31-56CB50DA672C}.Debug|Any CPU.ActiveCfg = Debug|Any CPU
		{EE95E014-CAB3-45A6-AC31-56CB50DA672C}.Debug|Any CPU.Build.0 = Debug|Any CPU
		{EE95E014-CAB3-45A6-AC31-56CB50DA672C}.Release|Any CPU.ActiveCfg = Release|Any CPU
		{EE95E014-CAB3-45A6-AC31-56CB50DA672C}.Release|Any CPU.Build.0 = Release|Any CPU
		{57CDE8D4-8EC6-4128-892B-8E97AFC08661}.Debug|Any CPU.ActiveCfg = Debug|Any CPU
		{57CDE8D4-8EC6-4128-892B-8E97AFC08661}.Debug|Any CPU.Build.0 = Debug|Any CPU
		{57CDE8D4-8EC6-4128-892B-8E97AFC08661}.Release|Any CPU.ActiveCfg = Release|Any CPU
		{57CDE8D4-8EC6-4128-892B-8E97AFC08661}.Release|Any CPU.Build.0 = Release|Any CPU
		{9D3C23FC-A111-44A1-B75C-E7E64C7D21D7}.Debug|Any CPU.ActiveCfg = Debug|Any CPU
		{9D3C23FC-A111-44A1-B75C-E7E64C7D21D7}.Debug|Any CPU.Build.0 = Debug|Any CPU
		{9D3C23FC-A111-44A1-B75C-E7E64C7D21D7}.Release|Any CPU.ActiveCfg = Release|Any CPU
		{9D3C23FC-A111-44A1-B75C-E7E64C7D21D7}.Release|Any CPU.Build.0 = Release|Any CPU
		{70BF32E1-3072-411D-8671-CEC52EAA2DA9}.Debug|Any CPU.ActiveCfg = Debug|Any CPU
		{70BF32E1-3072-411D-8671-CEC52EAA2DA9}.Debug|Any CPU.Build.0 = Debug|Any CPU
		{70BF32E1-3072-411D-8671-CEC52EAA2DA9}.Release|Any CPU.ActiveCfg = Release|Any CPU
		{70BF32E1-3072-411D-8671-CEC52EAA2DA9}.Release|Any CPU.Build.0 = Release|Any CPU
		{DCA97DDB-828F-4B0A-960C-2EF04AA60316}.Debug|Any CPU.ActiveCfg = Debug|Any CPU
		{DCA97DDB-828F-4B0A-960C-2EF04AA60316}.Debug|Any CPU.Build.0 = Debug|Any CPU
		{DCA97DDB-828F-4B0A-960C-2EF04AA60316}.Release|Any CPU.ActiveCfg = Release|Any CPU
		{DCA97DDB-828F-4B0A-960C-2EF04AA60316}.Release|Any CPU.Build.0 = Release|Any CPU
		{5816F466-E2B8-4B24-8ED3-F52971DE735A}.Debug|Any CPU.ActiveCfg = Debug|Any CPU
		{5816F466-E2B8-4B24-8ED3-F52971DE735A}.Debug|Any CPU.Build.0 = Debug|Any CPU
		{5816F466-E2B8-4B24-8ED3-F52971DE735A}.Release|Any CPU.ActiveCfg = Release|Any CPU
		{5816F466-E2B8-4B24-8ED3-F52971DE735A}.Release|Any CPU.Build.0 = Release|Any CPU
		{AD1995AE-53FD-42D1-A341-5C19600A2A41}.Debug|Any CPU.ActiveCfg = Debug|Any CPU
		{AD1995AE-53FD-42D1-A341-5C19600A2A41}.Debug|Any CPU.Build.0 = Debug|Any CPU
		{AD1995AE-53FD-42D1-A341-5C19600A2A41}.Release|Any CPU.ActiveCfg = Release|Any CPU
		{AD1995AE-53FD-42D1-A341-5C19600A2A41}.Release|Any CPU.Build.0 = Release|Any CPU
		{5C49288E-FC64-425E-9E9B-3073F384CAD3}.Debug|Any CPU.ActiveCfg = Debug|Any CPU
		{5C49288E-FC64-425E-9E9B-3073F384CAD3}.Debug|Any CPU.Build.0 = Debug|Any CPU
		{5C49288E-FC64-425E-9E9B-3073F384CAD3}.Release|Any CPU.ActiveCfg = Release|Any CPU
		{5C49288E-FC64-425E-9E9B-3073F384CAD3}.Release|Any CPU.Build.0 = Release|Any CPU
		{A9027F73-54FE-4277-98B2-FB4D236064AE}.Debug|Any CPU.ActiveCfg = Debug|Any CPU
		{A9027F73-54FE-4277-98B2-FB4D236064AE}.Debug|Any CPU.Build.0 = Debug|Any CPU
		{A9027F73-54FE-4277-98B2-FB4D236064AE}.Release|Any CPU.ActiveCfg = Release|Any CPU
		{A9027F73-54FE-4277-98B2-FB4D236064AE}.Release|Any CPU.Build.0 = Release|Any CPU
	EndGlobalSection
	GlobalSection(SolutionProperties) = preSolution
		HideSolutionNode = FALSE
	EndGlobalSection
	GlobalSection(ExtensibilityGlobals) = postSolution
		SolutionGuid = {2E53F827-ABDE-4029-B7CD-F23BD5ED67A7}
	EndGlobalSection
EndGlobal
