
Microsoft Visual Studio Solution File, Format Version 12.00
# Visual Studio Version 16
VisualStudioVersion = 16.0.29519.87
MinimumVisualStudioVersion = 10.0.40219.1
Project("{FAE04EC0-301F-11D3-BF4B-00C04F79EFBC}") = "001_Static", "011_Static\001_Static.csproj", "{EF080C7D-6560-4AF3-94CE-E358B21D2EBD}"
EndProject
Project("{FAE04EC0-301F-11D3-BF4B-00C04F79EFBC}") = "002_Static", "002_Static\002_Static.csproj", "{63A45065-0958-4553-B95C-8A3E8CF7DFE6}"
EndProject
Project("{FAE04EC0-301F-11D3-BF4B-00C04F79EFBC}") = "003_Static", "003_Static\003_Static.csproj", "{64C5C7B5-64DF-4892-903C-36FDA470B3F5}"
EndProject
Project("{FAE04EC0-301F-11D3-BF4B-00C04F79EFBC}") = "004_Static_Сonstructor", "004_Static\004_Static_Сonstructor.csproj", "{2713B16E-5D59-4B36-8A83-75088F53246B}"
EndProject
Project("{FAE04EC0-301F-11D3-BF4B-00C04F79EFBC}") = "005_Static_Сonstructor", "005_Static\005_Static_Сonstructor.csproj", "{686322EB-07AF-413F-A17C-71A0B7383F65}"
EndProject
Project("{FAE04EC0-301F-11D3-BF4B-00C04F79EFBC}") = "006_Static_Сonstructor", "ConsoleApp1\006_Static_Сonstructor.csproj", "{52FDCB5A-DA06-4751-90D6-91F23EC0BA7A}"
EndProject
Project("{FAE04EC0-301F-11D3-BF4B-00C04F79EFBC}") = "007_Static", "007_Static\007_Static.csproj", "{30D596A6-1F5A-4A49-9D6C-5BF77C16BD7F}"
EndProject
Project("{FAE04EC0-301F-11D3-BF4B-00C04F79EFBC}") = "008_Static", "008_Static\008_Static.csproj", "{BF20958B-E337-4F5E-88C5-1414A4480E42}"
EndProject
Project("{FAE04EC0-301F-11D3-BF4B-00C04F79EFBC}") = "009_Static_Class", "008_Static_Class\009_Static_Class.csproj", "{E766C720-EB12-4187-9332-18A26EDC0510}"
EndProject
Project("{FAE04EC0-301F-11D3-BF4B-00C04F79EFBC}") = "010_Static_Class", "010_Static_Class\010_Static_Class.csproj", "{4F5B2905-86A5-4C08-8485-27007ED9A87F}"
EndProject
Project("{FAE04EC0-301F-11D3-BF4B-00C04F79EFBC}") = "011_Extension_Method", "011_Extension_Method\011_Extension_Method.csproj", "{5FF45F8B-F618-48F0-AEAC-CE491956FEC8}"
EndProject
Project("{FAE04EC0-301F-11D3-BF4B-00C04F79EFBC}") = "012_Extension_Method", "012_Extension_Method\012_Extension_Method.csproj", "{7DDE2A76-4285-4FCF-BB3E-BE8A6A16757F}"
EndProject
Project("{FAE04EC0-301F-11D3-BF4B-00C04F79EFBC}") = "013_Extension_Method", "013_Extension_Method\013_Extension_Method.csproj", "{E3491E41-7C4D-4150-AA94-7DB183B6F573}"
EndProject
Project("{FAE04EC0-301F-11D3-BF4B-00C04F79EFBC}") = "014_Extension_Method", "014_Extension_Method\014_Extension_Method.csproj", "{D317B90D-EC01-44D9-8C5C-4C63BCBDC062}"
EndProject
Project("{FAE04EC0-301F-11D3-BF4B-00C04F79EFBC}") = "015_Extension_Method", "015_Extension_Method\015_Extension_Method.csproj", "{758D239E-F1F6-4D7F-BC1A-7AD40FA6865C}"
EndProject
Project("{FAE04EC0-301F-11D3-BF4B-00C04F79EFBC}") = "016_Nested", "016_Nested\016_Nested.csproj", "{497A37E7-373A-4B4B-8F58-3C88D2A09002}"
EndProject
Project("{FAE04EC0-301F-11D3-BF4B-00C04F79EFBC}") = "017_Nested", "017_Nested\017_Nested.csproj", "{EDBDD5AF-021B-4CEF-93C9-810553D9BB03}"
EndProject
Project("{FAE04EC0-301F-11D3-BF4B-00C04F79EFBC}") = "018_Nested", "018_Nested\018_Nested.csproj", "{2A3BBAD4-970C-439C-815A-A3BCC15D5113}"
EndProject
Project("{FAE04EC0-301F-11D3-BF4B-00C04F79EFBC}") = "019_Nested", "019_Nested\019_Nested.csproj", "{E48B1210-E9C3-4D7A-9CCC-6ADD56E3CD0A}"
EndProject
Project("{FAE04EC0-301F-11D3-BF4B-00C04F79EFBC}") = "020_Nested", "020_Nested\020_Nested.csproj", "{E97F15A5-EC7B-4564-AC63-894C4D5895B1}"
EndProject
Project("{FAE04EC0-301F-11D3-BF4B-00C04F79EFBC}") = "021_Nested", "021_Nested\021_Nested.csproj", "{DEA78790-5A16-47C4-A6C8-A19730B6E550}"
EndProject
Project("{FAE04EC0-301F-11D3-BF4B-00C04F79EFBC}") = "022_Nested", "022_Nested\022_Nested.csproj", "{6A3405B5-0046-4AF0-B6EC-E0451F78DAF5}"
EndProject
Project("{FAE04EC0-301F-11D3-BF4B-00C04F79EFBC}") = "023_Operators", "023_Operators\023_Operators.csproj", "{3FBDAD6E-B0EF-4F64-8CBA-17137D6E794A}"
EndProject
Project("{FAE04EC0-301F-11D3-BF4B-00C04F79EFBC}") = "024_Operators", "024_Operators\024_Operators.csproj", "{0931597F-E2F1-4363-BCFA-0DA7172985BF}"
EndProject
Project("{FAE04EC0-301F-11D3-BF4B-00C04F79EFBC}") = "025_Operators", "025_Operators\025_Operators.csproj", "{FE7B2782-6737-4F94-8B39-2213B39553B6}"
EndProject
Project("{FAE04EC0-301F-11D3-BF4B-00C04F79EFBC}") = "026_Operators", "026_Operators\026_Operators.csproj", "{A293E7FD-74A0-4923-B66F-D2369B1A5649}"
EndProject
Global
	GlobalSection(SolutionConfigurationPlatforms) = preSolution
		Debug|Any CPU = Debug|Any CPU
		Release|Any CPU = Release|Any CPU
	EndGlobalSection
	GlobalSection(ProjectConfigurationPlatforms) = postSolution
		{EF080C7D-6560-4AF3-94CE-E358B21D2EBD}.Debug|Any CPU.ActiveCfg = Debug|Any CPU
		{EF080C7D-6560-4AF3-94CE-E358B21D2EBD}.Debug|Any CPU.Build.0 = Debug|Any CPU
		{EF080C7D-6560-4AF3-94CE-E358B21D2EBD}.Release|Any CPU.ActiveCfg = Release|Any CPU
		{EF080C7D-6560-4AF3-94CE-E358B21D2EBD}.Release|Any CPU.Build.0 = Release|Any CPU
		{63A45065-0958-4553-B95C-8A3E8CF7DFE6}.Debug|Any CPU.ActiveCfg = Debug|Any CPU
		{63A45065-0958-4553-B95C-8A3E8CF7DFE6}.Debug|Any CPU.Build.0 = Debug|Any CPU
		{63A45065-0958-4553-B95C-8A3E8CF7DFE6}.Release|Any CPU.ActiveCfg = Release|Any CPU
		{63A45065-0958-4553-B95C-8A3E8CF7DFE6}.Release|Any CPU.Build.0 = Release|Any CPU
		{64C5C7B5-64DF-4892-903C-36FDA470B3F5}.Debug|Any CPU.ActiveCfg = Debug|Any CPU
		{64C5C7B5-64DF-4892-903C-36FDA470B3F5}.Debug|Any CPU.Build.0 = Debug|Any CPU
		{64C5C7B5-64DF-4892-903C-36FDA470B3F5}.Release|Any CPU.ActiveCfg = Release|Any CPU
		{64C5C7B5-64DF-4892-903C-36FDA470B3F5}.Release|Any CPU.Build.0 = Release|Any CPU
		{2713B16E-5D59-4B36-8A83-75088F53246B}.Debug|Any CPU.ActiveCfg = Debug|Any CPU
		{2713B16E-5D59-4B36-8A83-75088F53246B}.Debug|Any CPU.Build.0 = Debug|Any CPU
		{2713B16E-5D59-4B36-8A83-75088F53246B}.Release|Any CPU.ActiveCfg = Release|Any CPU
		{2713B16E-5D59-4B36-8A83-75088F53246B}.Release|Any CPU.Build.0 = Release|Any CPU
		{686322EB-07AF-413F-A17C-71A0B7383F65}.Debug|Any CPU.ActiveCfg = Debug|Any CPU
		{686322EB-07AF-413F-A17C-71A0B7383F65}.Debug|Any CPU.Build.0 = Debug|Any CPU
		{686322EB-07AF-413F-A17C-71A0B7383F65}.Release|Any CPU.ActiveCfg = Release|Any CPU
		{686322EB-07AF-413F-A17C-71A0B7383F65}.Release|Any CPU.Build.0 = Release|Any CPU
		{52FDCB5A-DA06-4751-90D6-91F23EC0BA7A}.Debug|Any CPU.ActiveCfg = Debug|Any CPU
		{52FDCB5A-DA06-4751-90D6-91F23EC0BA7A}.Debug|Any CPU.Build.0 = Debug|Any CPU
		{52FDCB5A-DA06-4751-90D6-91F23EC0BA7A}.Release|Any CPU.ActiveCfg = Release|Any CPU
		{52FDCB5A-DA06-4751-90D6-91F23EC0BA7A}.Release|Any CPU.Build.0 = Release|Any CPU
		{30D596A6-1F5A-4A49-9D6C-5BF77C16BD7F}.Debug|Any CPU.ActiveCfg = Debug|Any CPU
		{30D596A6-1F5A-4A49-9D6C-5BF77C16BD7F}.Debug|Any CPU.Build.0 = Debug|Any CPU
		{30D596A6-1F5A-4A49-9D6C-5BF77C16BD7F}.Release|Any CPU.ActiveCfg = Release|Any CPU
		{30D596A6-1F5A-4A49-9D6C-5BF77C16BD7F}.Release|Any CPU.Build.0 = Release|Any CPU
		{BF20958B-E337-4F5E-88C5-1414A4480E42}.Debug|Any CPU.ActiveCfg = Debug|Any CPU
		{BF20958B-E337-4F5E-88C5-1414A4480E42}.Debug|Any CPU.Build.0 = Debug|Any CPU
		{BF20958B-E337-4F5E-88C5-1414A4480E42}.Release|Any CPU.ActiveCfg = Release|Any CPU
		{BF20958B-E337-4F5E-88C5-1414A4480E42}.Release|Any CPU.Build.0 = Release|Any CPU
		{E766C720-EB12-4187-9332-18A26EDC0510}.Debug|Any CPU.ActiveCfg = Debug|Any CPU
		{E766C720-EB12-4187-9332-18A26EDC0510}.Debug|Any CPU.Build.0 = Debug|Any CPU
		{E766C720-EB12-4187-9332-18A26EDC0510}.Release|Any CPU.ActiveCfg = Release|Any CPU
		{E766C720-EB12-4187-9332-18A26EDC0510}.Release|Any CPU.Build.0 = Release|Any CPU
		{4F5B2905-86A5-4C08-8485-27007ED9A87F}.Debug|Any CPU.ActiveCfg = Debug|Any CPU
		{4F5B2905-86A5-4C08-8485-27007ED9A87F}.Debug|Any CPU.Build.0 = Debug|Any CPU
		{4F5B2905-86A5-4C08-8485-27007ED9A87F}.Release|Any CPU.ActiveCfg = Release|Any CPU
		{4F5B2905-86A5-4C08-8485-27007ED9A87F}.Release|Any CPU.Build.0 = Release|Any CPU
		{5FF45F8B-F618-48F0-AEAC-CE491956FEC8}.Debug|Any CPU.ActiveCfg = Debug|Any CPU
		{5FF45F8B-F618-48F0-AEAC-CE491956FEC8}.Debug|Any CPU.Build.0 = Debug|Any CPU
		{5FF45F8B-F618-48F0-AEAC-CE491956FEC8}.Release|Any CPU.ActiveCfg = Release|Any CPU
		{5FF45F8B-F618-48F0-AEAC-CE491956FEC8}.Release|Any CPU.Build.0 = Release|Any CPU
		{7DDE2A76-4285-4FCF-BB3E-BE8A6A16757F}.Debug|Any CPU.ActiveCfg = Debug|Any CPU
		{7DDE2A76-4285-4FCF-BB3E-BE8A6A16757F}.Debug|Any CPU.Build.0 = Debug|Any CPU
		{7DDE2A76-4285-4FCF-BB3E-BE8A6A16757F}.Release|Any CPU.ActiveCfg = Release|Any CPU
		{7DDE2A76-4285-4FCF-BB3E-BE8A6A16757F}.Release|Any CPU.Build.0 = Release|Any CPU
		{E3491E41-7C4D-4150-AA94-7DB183B6F573}.Debug|Any CPU.ActiveCfg = Debug|Any CPU
		{E3491E41-7C4D-4150-AA94-7DB183B6F573}.Debug|Any CPU.Build.0 = Debug|Any CPU
		{E3491E41-7C4D-4150-AA94-7DB183B6F573}.Release|Any CPU.ActiveCfg = Release|Any CPU
		{E3491E41-7C4D-4150-AA94-7DB183B6F573}.Release|Any CPU.Build.0 = Release|Any CPU
		{D317B90D-EC01-44D9-8C5C-4C63BCBDC062}.Debug|Any CPU.ActiveCfg = Debug|Any CPU
		{D317B90D-EC01-44D9-8C5C-4C63BCBDC062}.Debug|Any CPU.Build.0 = Debug|Any CPU
		{D317B90D-EC01-44D9-8C5C-4C63BCBDC062}.Release|Any CPU.ActiveCfg = Release|Any CPU
		{D317B90D-EC01-44D9-8C5C-4C63BCBDC062}.Release|Any CPU.Build.0 = Release|Any CPU
		{758D239E-F1F6-4D7F-BC1A-7AD40FA6865C}.Debug|Any CPU.ActiveCfg = Debug|Any CPU
		{758D239E-F1F6-4D7F-BC1A-7AD40FA6865C}.Debug|Any CPU.Build.0 = Debug|Any CPU
		{758D239E-F1F6-4D7F-BC1A-7AD40FA6865C}.Release|Any CPU.ActiveCfg = Release|Any CPU
		{758D239E-F1F6-4D7F-BC1A-7AD40FA6865C}.Release|Any CPU.Build.0 = Release|Any CPU
		{497A37E7-373A-4B4B-8F58-3C88D2A09002}.Debug|Any CPU.ActiveCfg = Debug|Any CPU
		{497A37E7-373A-4B4B-8F58-3C88D2A09002}.Debug|Any CPU.Build.0 = Debug|Any CPU
		{497A37E7-373A-4B4B-8F58-3C88D2A09002}.Release|Any CPU.ActiveCfg = Release|Any CPU
		{497A37E7-373A-4B4B-8F58-3C88D2A09002}.Release|Any CPU.Build.0 = Release|Any CPU
		{EDBDD5AF-021B-4CEF-93C9-810553D9BB03}.Debug|Any CPU.ActiveCfg = Debug|Any CPU
		{EDBDD5AF-021B-4CEF-93C9-810553D9BB03}.Debug|Any CPU.Build.0 = Debug|Any CPU
		{EDBDD5AF-021B-4CEF-93C9-810553D9BB03}.Release|Any CPU.ActiveCfg = Release|Any CPU
		{EDBDD5AF-021B-4CEF-93C9-810553D9BB03}.Release|Any CPU.Build.0 = Release|Any CPU
		{2A3BBAD4-970C-439C-815A-A3BCC15D5113}.Debug|Any CPU.ActiveCfg = Debug|Any CPU
		{2A3BBAD4-970C-439C-815A-A3BCC15D5113}.Debug|Any CPU.Build.0 = Debug|Any CPU
		{2A3BBAD4-970C-439C-815A-A3BCC15D5113}.Release|Any CPU.ActiveCfg = Release|Any CPU
		{2A3BBAD4-970C-439C-815A-A3BCC15D5113}.Release|Any CPU.Build.0 = Release|Any CPU
		{E48B1210-E9C3-4D7A-9CCC-6ADD56E3CD0A}.Debug|Any CPU.ActiveCfg = Debug|Any CPU
		{E48B1210-E9C3-4D7A-9CCC-6ADD56E3CD0A}.Debug|Any CPU.Build.0 = Debug|Any CPU
		{E48B1210-E9C3-4D7A-9CCC-6ADD56E3CD0A}.Release|Any CPU.ActiveCfg = Release|Any CPU
		{E48B1210-E9C3-4D7A-9CCC-6ADD56E3CD0A}.Release|Any CPU.Build.0 = Release|Any CPU
		{E97F15A5-EC7B-4564-AC63-894C4D5895B1}.Debug|Any CPU.ActiveCfg = Debug|Any CPU
		{E97F15A5-EC7B-4564-AC63-894C4D5895B1}.Debug|Any CPU.Build.0 = Debug|Any CPU
		{E97F15A5-EC7B-4564-AC63-894C4D5895B1}.Release|Any CPU.ActiveCfg = Release|Any CPU
		{E97F15A5-EC7B-4564-AC63-894C4D5895B1}.Release|Any CPU.Build.0 = Release|Any CPU
		{DEA78790-5A16-47C4-A6C8-A19730B6E550}.Debug|Any CPU.ActiveCfg = Debug|Any CPU
		{DEA78790-5A16-47C4-A6C8-A19730B6E550}.Debug|Any CPU.Build.0 = Debug|Any CPU
		{DEA78790-5A16-47C4-A6C8-A19730B6E550}.Release|Any CPU.ActiveCfg = Release|Any CPU
		{DEA78790-5A16-47C4-A6C8-A19730B6E550}.Release|Any CPU.Build.0 = Release|Any CPU
		{6A3405B5-0046-4AF0-B6EC-E0451F78DAF5}.Debug|Any CPU.ActiveCfg = Debug|Any CPU
		{6A3405B5-0046-4AF0-B6EC-E0451F78DAF5}.Debug|Any CPU.Build.0 = Debug|Any CPU
		{6A3405B5-0046-4AF0-B6EC-E0451F78DAF5}.Release|Any CPU.ActiveCfg = Release|Any CPU
		{6A3405B5-0046-4AF0-B6EC-E0451F78DAF5}.Release|Any CPU.Build.0 = Release|Any CPU
		{3FBDAD6E-B0EF-4F64-8CBA-17137D6E794A}.Debug|Any CPU.ActiveCfg = Debug|Any CPU
		{3FBDAD6E-B0EF-4F64-8CBA-17137D6E794A}.Debug|Any CPU.Build.0 = Debug|Any CPU
		{3FBDAD6E-B0EF-4F64-8CBA-17137D6E794A}.Release|Any CPU.ActiveCfg = Release|Any CPU
		{3FBDAD6E-B0EF-4F64-8CBA-17137D6E794A}.Release|Any CPU.Build.0 = Release|Any CPU
		{0931597F-E2F1-4363-BCFA-0DA7172985BF}.Debug|Any CPU.ActiveCfg = Debug|Any CPU
		{0931597F-E2F1-4363-BCFA-0DA7172985BF}.Debug|Any CPU.Build.0 = Debug|Any CPU
		{0931597F-E2F1-4363-BCFA-0DA7172985BF}.Release|Any CPU.ActiveCfg = Release|Any CPU
		{0931597F-E2F1-4363-BCFA-0DA7172985BF}.Release|Any CPU.Build.0 = Release|Any CPU
		{FE7B2782-6737-4F94-8B39-2213B39553B6}.Debug|Any CPU.ActiveCfg = Debug|Any CPU
		{FE7B2782-6737-4F94-8B39-2213B39553B6}.Debug|Any CPU.Build.0 = Debug|Any CPU
		{FE7B2782-6737-4F94-8B39-2213B39553B6}.Release|Any CPU.ActiveCfg = Release|Any CPU
		{FE7B2782-6737-4F94-8B39-2213B39553B6}.Release|Any CPU.Build.0 = Release|Any CPU
		{A293E7FD-74A0-4923-B66F-D2369B1A5649}.Debug|Any CPU.ActiveCfg = Debug|Any CPU
		{A293E7FD-74A0-4923-B66F-D2369B1A5649}.Debug|Any CPU.Build.0 = Debug|Any CPU
		{A293E7FD-74A0-4923-B66F-D2369B1A5649}.Release|Any CPU.ActiveCfg = Release|Any CPU
		{A293E7FD-74A0-4923-B66F-D2369B1A5649}.Release|Any CPU.Build.0 = Release|Any CPU
	EndGlobalSection
	GlobalSection(SolutionProperties) = preSolution
		HideSolutionNode = FALSE
	EndGlobalSection
	GlobalSection(ExtensibilityGlobals) = postSolution
		SolutionGuid = {A23C6A4E-214C-41AB-8184-7C818A0C8186}
	EndGlobalSection
EndGlobal
