
Microsoft Visual Studio Solution File, Format Version 12.00
# Visual Studio Version 16
VisualStudioVersion = 16.0.31105.61
MinimumVisualStudioVersion = 10.0.40219.1
Project("{FAE04EC0-301F-11D3-BF4B-00C04F79EFBC}") = "Task1", "Task1\Task1.csproj", "{E7AB2BAD-E3A9-4466-86BB-1AC7BE6FD3C8}"
EndProject
Project("{FAE04EC0-301F-11D3-BF4B-00C04F79EFBC}") = "Task2", "Task2\Task2.csproj", "{42E76952-754D-4775-A852-D782F378FA9E}"
EndProject
Project("{FAE04EC0-301F-11D3-BF4B-00C04F79EFBC}") = "Task3", "Task3\Task3.csproj", "{22BA4B50-A572-4A4B-BDAE-5B5B04CE5313}"
EndProject
Project("{FAE04EC0-301F-11D3-BF4B-00C04F79EFBC}") = "Task4", "Task4\Task4.csproj", "{98AE40E8-D399-4CA7-B467-CAC9C8887E2A}"
EndProject
Project("{FAE04EC0-301F-11D3-BF4B-00C04F79EFBC}") = "TaskFor7", "TaskFor7\TaskFor7.csproj", "{94950E2D-C520-4E0A-9E00-DA76858EF6B1}"
EndProject
Global
	GlobalSection(SolutionConfigurationPlatforms) = preSolution
		Debug|Any CPU = Debug|Any CPU
		Release|Any CPU = Release|Any CPU
	EndGlobalSection
	GlobalSection(ProjectConfigurationPlatforms) = postSolution
		{E7AB2BAD-E3A9-4466-86BB-1AC7BE6FD3C8}.Debug|Any CPU.ActiveCfg = Debug|Any CPU
		{E7AB2BAD-E3A9-4466-86BB-1AC7BE6FD3C8}.Debug|Any CPU.Build.0 = Debug|Any CPU
		{E7AB2BAD-E3A9-4466-86BB-1AC7BE6FD3C8}.Release|Any CPU.ActiveCfg = Release|Any CPU
		{E7AB2BAD-E3A9-4466-86BB-1AC7BE6FD3C8}.Release|Any CPU.Build.0 = Release|Any CPU
		{42E76952-754D-4775-A852-D782F378FA9E}.Debug|Any CPU.ActiveCfg = Debug|Any CPU
		{42E76952-754D-4775-A852-D782F378FA9E}.Debug|Any CPU.Build.0 = Debug|Any CPU
		{42E76952-754D-4775-A852-D782F378FA9E}.Release|Any CPU.ActiveCfg = Release|Any CPU
		{42E76952-754D-4775-A852-D782F378FA9E}.Release|Any CPU.Build.0 = Release|Any CPU
		{22BA4B50-A572-4A4B-BDAE-5B5B04CE5313}.Debug|Any CPU.ActiveCfg = Debug|Any CPU
		{22BA4B50-A572-4A4B-BDAE-5B5B04CE5313}.Debug|Any CPU.Build.0 = Debug|Any CPU
		{22BA4B50-A572-4A4B-BDAE-5B5B04CE5313}.Release|Any CPU.ActiveCfg = Release|Any CPU
		{22BA4B50-A572-4A4B-BDAE-5B5B04CE5313}.Release|Any CPU.Build.0 = Release|Any CPU
		{98AE40E8-D399-4CA7-B467-CAC9C8887E2A}.Debug|Any CPU.ActiveCfg = Debug|Any CPU
		{98AE40E8-D399-4CA7-B467-CAC9C8887E2A}.Debug|Any CPU.Build.0 = Debug|Any CPU
		{98AE40E8-D399-4CA7-B467-CAC9C8887E2A}.Release|Any CPU.ActiveCfg = Release|Any CPU
		{98AE40E8-D399-4CA7-B467-CAC9C8887E2A}.Release|Any CPU.Build.0 = Release|Any CPU
		{94950E2D-C520-4E0A-9E00-DA76858EF6B1}.Debug|Any CPU.ActiveCfg = Debug|Any CPU
		{94950E2D-C520-4E0A-9E00-DA76858EF6B1}.Debug|Any CPU.Build.0 = Debug|Any CPU
		{94950E2D-C520-4E0A-9E00-DA76858EF6B1}.Release|Any CPU.ActiveCfg = Release|Any CPU
		{94950E2D-C520-4E0A-9E00-DA76858EF6B1}.Release|Any CPU.Build.0 = Release|Any CPU
	EndGlobalSection
	GlobalSection(SolutionProperties) = preSolution
		HideSolutionNode = FALSE
	EndGlobalSection
	GlobalSection(ExtensibilityGlobals) = postSolution
		SolutionGuid = {6EEF6721-92D4-4D5A-BBCE-838F637777A1}
	EndGlobalSection
EndGlobal
