
Microsoft Visual Studio Solution File, Format Version 12.00
# Visual Studio Version 16
VisualStudioVersion = 16.0.29424.173
MinimumVisualStudioVersion = 10.0.40219.1
Project("{FAE04EC0-301F-11D3-BF4B-00C04F79EFBC}") = "001_GoTo", "005_ Loop\001_GoTo.csproj", "{BDC97F36-DE80-4129-9E2B-B03846652174}"
EndProject
Project("{FAE04EC0-301F-11D3-BF4B-00C04F79EFBC}") = "002_GoTo", "ConsoleApp1\002_GoTo.csproj", "{299CBDDB-84D6-40A2-8FF4-BDC7122C857F}"
EndProject
Project("{FAE04EC0-301F-11D3-BF4B-00C04F79EFBC}") = "013_DoWhile", "ConsoleApp2\013_DoWhile.csproj", "{A772716D-DF8A-4DC0-A988-3690A82328AC}"
EndProject
Project("{FAE04EC0-301F-11D3-BF4B-00C04F79EFBC}") = "015_DoWhile", "ConsoleApp4\015_DoWhile.csproj", "{9CF683EC-4B48-4A8A-920F-E6A7E2996BAF}"
EndProject
Project("{FAE04EC0-301F-11D3-BF4B-00C04F79EFBC}") = "016_DoWhile", "ConsoleApp5\016_DoWhile.csproj", "{D6F8DB15-F3CA-48CA-8F94-0F0640D01AE9}"
EndProject
Project("{FAE04EC0-301F-11D3-BF4B-00C04F79EFBC}") = "017_For", "ConsoleApp6\017_For.csproj", "{2A6E054D-73E9-44DB-BE02-57D60C9DD79B}"
EndProject
Project("{FAE04EC0-301F-11D3-BF4B-00C04F79EFBC}") = "018_For", "ConsoleApp7\018_For.csproj", "{E3B264B9-03F4-4105-BBB9-82110633811C}"
EndProject
Project("{FAE04EC0-301F-11D3-BF4B-00C04F79EFBC}") = "019_For", "ConsoleApp8\019_For.csproj", "{53D96E31-082F-47E5-83F8-4E43D84A1776}"
EndProject
Project("{FAE04EC0-301F-11D3-BF4B-00C04F79EFBC}") = "020_For", "ConsoleApp9\020_For.csproj", "{18BAC18B-7891-4C2D-A5AA-A4B88B69222B}"
EndProject
Project("{FAE04EC0-301F-11D3-BF4B-00C04F79EFBC}") = "003_GoTo", "ConsoleApp10\003_GoTo.csproj", "{028E192B-677F-499D-BA97-02E42A0B83E3}"
EndProject
Project("{FAE04EC0-301F-11D3-BF4B-00C04F79EFBC}") = "005_While", "ConsoleApp11\005_While.csproj", "{02D59D79-A59C-40EC-8DA1-CA53E425B9C5}"
EndProject
Project("{FAE04EC0-301F-11D3-BF4B-00C04F79EFBC}") = "006_While", "ConsoleApp12\006_While.csproj", "{D1CDDA45-A971-43A4-B39D-61C5077D09B3}"
EndProject
Project("{FAE04EC0-301F-11D3-BF4B-00C04F79EFBC}") = "007_While", "ConsoleApp13\007_While.csproj", "{8A7F7C60-5823-4F5B-8876-1965F59209E1}"
EndProject
Project("{FAE04EC0-301F-11D3-BF4B-00C04F79EFBC}") = "008_While", "ConsoleApp14\008_While.csproj", "{77351267-4188-49E3-BCD3-C49752508E11}"
EndProject
Project("{FAE04EC0-301F-11D3-BF4B-00C04F79EFBC}") = "012_DoWhile", "ConsoleApp15\012_DoWhile.csproj", "{0EE00410-B161-42AD-8614-1AD01A3BD75F}"
EndProject
Project("{FAE04EC0-301F-11D3-BF4B-00C04F79EFBC}") = "014_DoWhile", "ConsoleApp16\014_DoWhile.csproj", "{5A6D635E-BF77-48E8-81F0-54A88B1DC14A}"
EndProject
Project("{FAE04EC0-301F-11D3-BF4B-00C04F79EFBC}") = "010_While", "ConsoleApp18\010_While.csproj", "{65EF27CD-C0DB-46D9-AC99-2792BD587FE6}"
EndProject
Project("{FAE04EC0-301F-11D3-BF4B-00C04F79EFBC}") = "004_GoTo", "ConsoleApp19\004_GoTo.csproj", "{48DE7659-497D-4B0C-ADAE-D5AE529F94B4}"
EndProject
Project("{FAE04EC0-301F-11D3-BF4B-00C04F79EFBC}") = "009_While", "ConsoleApp20\009_While.csproj", "{564E02F2-FB1E-45D4-9DC4-CF0B924ED802}"
EndProject
Project("{FAE04EC0-301F-11D3-BF4B-00C04F79EFBC}") = "011_While", "ConsoleApp21\011_While.csproj", "{C4892ED9-652E-4B32-9D63-5DAC84574845}"
EndProject
Project("{FAE04EC0-301F-11D3-BF4B-00C04F79EFBC}") = "024_Dijkstra cycle", "ConsoleApp23\024_Dijkstra cycle.csproj", "{992741F5-790A-4B48-AF4A-12BE58DC43DB}"
EndProject
Project("{FAE04EC0-301F-11D3-BF4B-00C04F79EFBC}") = "025_SpiderLoop", "022_SpiderLoop\025_SpiderLoop.csproj", "{89AFED2E-67BF-443D-9D20-86A13DF4F9CE}"
EndProject
Project("{FAE04EC0-301F-11D3-BF4B-00C04F79EFBC}") = "022_Foreach", "021_Foreach\022_Foreach.csproj", "{E261E517-2234-4CB0-8798-F305F52DF374}"
EndProject
Project("{FAE04EC0-301F-11D3-BF4B-00C04F79EFBC}") = "023_Endless_Loops", "023_Endless_Loops\023_Endless_Loops.csproj", "{9ABAEB48-06FC-4F96-9CE7-65FD7BBD3878}"
EndProject
Global
	GlobalSection(SolutionConfigurationPlatforms) = preSolution
		Debug|Any CPU = Debug|Any CPU
		Release|Any CPU = Release|Any CPU
	EndGlobalSection
	GlobalSection(ProjectConfigurationPlatforms) = postSolution
		{BDC97F36-DE80-4129-9E2B-B03846652174}.Debug|Any CPU.ActiveCfg = Debug|Any CPU
		{BDC97F36-DE80-4129-9E2B-B03846652174}.Debug|Any CPU.Build.0 = Debug|Any CPU
		{BDC97F36-DE80-4129-9E2B-B03846652174}.Release|Any CPU.ActiveCfg = Release|Any CPU
		{BDC97F36-DE80-4129-9E2B-B03846652174}.Release|Any CPU.Build.0 = Release|Any CPU
		{299CBDDB-84D6-40A2-8FF4-BDC7122C857F}.Debug|Any CPU.ActiveCfg = Debug|Any CPU
		{299CBDDB-84D6-40A2-8FF4-BDC7122C857F}.Debug|Any CPU.Build.0 = Debug|Any CPU
		{299CBDDB-84D6-40A2-8FF4-BDC7122C857F}.Release|Any CPU.ActiveCfg = Release|Any CPU
		{299CBDDB-84D6-40A2-8FF4-BDC7122C857F}.Release|Any CPU.Build.0 = Release|Any CPU
		{A772716D-DF8A-4DC0-A988-3690A82328AC}.Debug|Any CPU.ActiveCfg = Debug|Any CPU
		{A772716D-DF8A-4DC0-A988-3690A82328AC}.Debug|Any CPU.Build.0 = Debug|Any CPU
		{A772716D-DF8A-4DC0-A988-3690A82328AC}.Release|Any CPU.ActiveCfg = Release|Any CPU
		{A772716D-DF8A-4DC0-A988-3690A82328AC}.Release|Any CPU.Build.0 = Release|Any CPU
		{9CF683EC-4B48-4A8A-920F-E6A7E2996BAF}.Debug|Any CPU.ActiveCfg = Debug|Any CPU
		{9CF683EC-4B48-4A8A-920F-E6A7E2996BAF}.Debug|Any CPU.Build.0 = Debug|Any CPU
		{9CF683EC-4B48-4A8A-920F-E6A7E2996BAF}.Release|Any CPU.ActiveCfg = Release|Any CPU
		{9CF683EC-4B48-4A8A-920F-E6A7E2996BAF}.Release|Any CPU.Build.0 = Release|Any CPU
		{D6F8DB15-F3CA-48CA-8F94-0F0640D01AE9}.Debug|Any CPU.ActiveCfg = Debug|Any CPU
		{D6F8DB15-F3CA-48CA-8F94-0F0640D01AE9}.Debug|Any CPU.Build.0 = Debug|Any CPU
		{D6F8DB15-F3CA-48CA-8F94-0F0640D01AE9}.Release|Any CPU.ActiveCfg = Release|Any CPU
		{D6F8DB15-F3CA-48CA-8F94-0F0640D01AE9}.Release|Any CPU.Build.0 = Release|Any CPU
		{2A6E054D-73E9-44DB-BE02-57D60C9DD79B}.Debug|Any CPU.ActiveCfg = Debug|Any CPU
		{2A6E054D-73E9-44DB-BE02-57D60C9DD79B}.Debug|Any CPU.Build.0 = Debug|Any CPU
		{2A6E054D-73E9-44DB-BE02-57D60C9DD79B}.Release|Any CPU.ActiveCfg = Release|Any CPU
		{2A6E054D-73E9-44DB-BE02-57D60C9DD79B}.Release|Any CPU.Build.0 = Release|Any CPU
		{E3B264B9-03F4-4105-BBB9-82110633811C}.Debug|Any CPU.ActiveCfg = Debug|Any CPU
		{E3B264B9-03F4-4105-BBB9-82110633811C}.Debug|Any CPU.Build.0 = Debug|Any CPU
		{E3B264B9-03F4-4105-BBB9-82110633811C}.Release|Any CPU.ActiveCfg = Release|Any CPU
		{E3B264B9-03F4-4105-BBB9-82110633811C}.Release|Any CPU.Build.0 = Release|Any CPU
		{53D96E31-082F-47E5-83F8-4E43D84A1776}.Debug|Any CPU.ActiveCfg = Debug|Any CPU
		{53D96E31-082F-47E5-83F8-4E43D84A1776}.Debug|Any CPU.Build.0 = Debug|Any CPU
		{53D96E31-082F-47E5-83F8-4E43D84A1776}.Release|Any CPU.ActiveCfg = Release|Any CPU
		{53D96E31-082F-47E5-83F8-4E43D84A1776}.Release|Any CPU.Build.0 = Release|Any CPU
		{18BAC18B-7891-4C2D-A5AA-A4B88B69222B}.Debug|Any CPU.ActiveCfg = Debug|Any CPU
		{18BAC18B-7891-4C2D-A5AA-A4B88B69222B}.Debug|Any CPU.Build.0 = Debug|Any CPU
		{18BAC18B-7891-4C2D-A5AA-A4B88B69222B}.Release|Any CPU.ActiveCfg = Release|Any CPU
		{18BAC18B-7891-4C2D-A5AA-A4B88B69222B}.Release|Any CPU.Build.0 = Release|Any CPU
		{028E192B-677F-499D-BA97-02E42A0B83E3}.Debug|Any CPU.ActiveCfg = Debug|Any CPU
		{028E192B-677F-499D-BA97-02E42A0B83E3}.Debug|Any CPU.Build.0 = Debug|Any CPU
		{028E192B-677F-499D-BA97-02E42A0B83E3}.Release|Any CPU.ActiveCfg = Release|Any CPU
		{028E192B-677F-499D-BA97-02E42A0B83E3}.Release|Any CPU.Build.0 = Release|Any CPU
		{02D59D79-A59C-40EC-8DA1-CA53E425B9C5}.Debug|Any CPU.ActiveCfg = Debug|Any CPU
		{02D59D79-A59C-40EC-8DA1-CA53E425B9C5}.Debug|Any CPU.Build.0 = Debug|Any CPU
		{02D59D79-A59C-40EC-8DA1-CA53E425B9C5}.Release|Any CPU.ActiveCfg = Release|Any CPU
		{02D59D79-A59C-40EC-8DA1-CA53E425B9C5}.Release|Any CPU.Build.0 = Release|Any CPU
		{D1CDDA45-A971-43A4-B39D-61C5077D09B3}.Debug|Any CPU.ActiveCfg = Debug|Any CPU
		{D1CDDA45-A971-43A4-B39D-61C5077D09B3}.Debug|Any CPU.Build.0 = Debug|Any CPU
		{D1CDDA45-A971-43A4-B39D-61C5077D09B3}.Release|Any CPU.ActiveCfg = Release|Any CPU
		{D1CDDA45-A971-43A4-B39D-61C5077D09B3}.Release|Any CPU.Build.0 = Release|Any CPU
		{8A7F7C60-5823-4F5B-8876-1965F59209E1}.Debug|Any CPU.ActiveCfg = Debug|Any CPU
		{8A7F7C60-5823-4F5B-8876-1965F59209E1}.Debug|Any CPU.Build.0 = Debug|Any CPU
		{8A7F7C60-5823-4F5B-8876-1965F59209E1}.Release|Any CPU.ActiveCfg = Release|Any CPU
		{8A7F7C60-5823-4F5B-8876-1965F59209E1}.Release|Any CPU.Build.0 = Release|Any CPU
		{77351267-4188-49E3-BCD3-C49752508E11}.Debug|Any CPU.ActiveCfg = Debug|Any CPU
		{77351267-4188-49E3-BCD3-C49752508E11}.Debug|Any CPU.Build.0 = Debug|Any CPU
		{77351267-4188-49E3-BCD3-C49752508E11}.Release|Any CPU.ActiveCfg = Release|Any CPU
		{77351267-4188-49E3-BCD3-C49752508E11}.Release|Any CPU.Build.0 = Release|Any CPU
		{0EE00410-B161-42AD-8614-1AD01A3BD75F}.Debug|Any CPU.ActiveCfg = Debug|Any CPU
		{0EE00410-B161-42AD-8614-1AD01A3BD75F}.Debug|Any CPU.Build.0 = Debug|Any CPU
		{0EE00410-B161-42AD-8614-1AD01A3BD75F}.Release|Any CPU.ActiveCfg = Release|Any CPU
		{0EE00410-B161-42AD-8614-1AD01A3BD75F}.Release|Any CPU.Build.0 = Release|Any CPU
		{5A6D635E-BF77-48E8-81F0-54A88B1DC14A}.Debug|Any CPU.ActiveCfg = Debug|Any CPU
		{5A6D635E-BF77-48E8-81F0-54A88B1DC14A}.Debug|Any CPU.Build.0 = Debug|Any CPU
		{5A6D635E-BF77-48E8-81F0-54A88B1DC14A}.Release|Any CPU.ActiveCfg = Release|Any CPU
		{5A6D635E-BF77-48E8-81F0-54A88B1DC14A}.Release|Any CPU.Build.0 = Release|Any CPU
		{65EF27CD-C0DB-46D9-AC99-2792BD587FE6}.Debug|Any CPU.ActiveCfg = Debug|Any CPU
		{65EF27CD-C0DB-46D9-AC99-2792BD587FE6}.Debug|Any CPU.Build.0 = Debug|Any CPU
		{65EF27CD-C0DB-46D9-AC99-2792BD587FE6}.Release|Any CPU.ActiveCfg = Release|Any CPU
		{65EF27CD-C0DB-46D9-AC99-2792BD587FE6}.Release|Any CPU.Build.0 = Release|Any CPU
		{48DE7659-497D-4B0C-ADAE-D5AE529F94B4}.Debug|Any CPU.ActiveCfg = Debug|Any CPU
		{48DE7659-497D-4B0C-ADAE-D5AE529F94B4}.Debug|Any CPU.Build.0 = Debug|Any CPU
		{48DE7659-497D-4B0C-ADAE-D5AE529F94B4}.Release|Any CPU.ActiveCfg = Release|Any CPU
		{48DE7659-497D-4B0C-ADAE-D5AE529F94B4}.Release|Any CPU.Build.0 = Release|Any CPU
		{564E02F2-FB1E-45D4-9DC4-CF0B924ED802}.Debug|Any CPU.ActiveCfg = Debug|Any CPU
		{564E02F2-FB1E-45D4-9DC4-CF0B924ED802}.Debug|Any CPU.Build.0 = Debug|Any CPU
		{564E02F2-FB1E-45D4-9DC4-CF0B924ED802}.Release|Any CPU.ActiveCfg = Release|Any CPU
		{564E02F2-FB1E-45D4-9DC4-CF0B924ED802}.Release|Any CPU.Build.0 = Release|Any CPU
		{C4892ED9-652E-4B32-9D63-5DAC84574845}.Debug|Any CPU.ActiveCfg = Debug|Any CPU
		{C4892ED9-652E-4B32-9D63-5DAC84574845}.Debug|Any CPU.Build.0 = Debug|Any CPU
		{C4892ED9-652E-4B32-9D63-5DAC84574845}.Release|Any CPU.ActiveCfg = Release|Any CPU
		{C4892ED9-652E-4B32-9D63-5DAC84574845}.Release|Any CPU.Build.0 = Release|Any CPU
		{992741F5-790A-4B48-AF4A-12BE58DC43DB}.Debug|Any CPU.ActiveCfg = Debug|Any CPU
		{992741F5-790A-4B48-AF4A-12BE58DC43DB}.Debug|Any CPU.Build.0 = Debug|Any CPU
		{992741F5-790A-4B48-AF4A-12BE58DC43DB}.Release|Any CPU.ActiveCfg = Release|Any CPU
		{992741F5-790A-4B48-AF4A-12BE58DC43DB}.Release|Any CPU.Build.0 = Release|Any CPU
		{89AFED2E-67BF-443D-9D20-86A13DF4F9CE}.Debug|Any CPU.ActiveCfg = Debug|Any CPU
		{89AFED2E-67BF-443D-9D20-86A13DF4F9CE}.Debug|Any CPU.Build.0 = Debug|Any CPU
		{89AFED2E-67BF-443D-9D20-86A13DF4F9CE}.Release|Any CPU.ActiveCfg = Release|Any CPU
		{89AFED2E-67BF-443D-9D20-86A13DF4F9CE}.Release|Any CPU.Build.0 = Release|Any CPU
		{E261E517-2234-4CB0-8798-F305F52DF374}.Debug|Any CPU.ActiveCfg = Debug|Any CPU
		{E261E517-2234-4CB0-8798-F305F52DF374}.Debug|Any CPU.Build.0 = Debug|Any CPU
		{E261E517-2234-4CB0-8798-F305F52DF374}.Release|Any CPU.ActiveCfg = Release|Any CPU
		{E261E517-2234-4CB0-8798-F305F52DF374}.Release|Any CPU.Build.0 = Release|Any CPU
		{9ABAEB48-06FC-4F96-9CE7-65FD7BBD3878}.Debug|Any CPU.ActiveCfg = Debug|Any CPU
		{9ABAEB48-06FC-4F96-9CE7-65FD7BBD3878}.Debug|Any CPU.Build.0 = Debug|Any CPU
		{9ABAEB48-06FC-4F96-9CE7-65FD7BBD3878}.Release|Any CPU.ActiveCfg = Release|Any CPU
		{9ABAEB48-06FC-4F96-9CE7-65FD7BBD3878}.Release|Any CPU.Build.0 = Release|Any CPU
	EndGlobalSection
	GlobalSection(SolutionProperties) = preSolution
		HideSolutionNode = FALSE
	EndGlobalSection
	GlobalSection(ExtensibilityGlobals) = postSolution
		SolutionGuid = {9A48652A-F230-4BD9-8B02-D4AF9E56EE18}
	EndGlobalSection
EndGlobal
