
Microsoft Visual Studio Solution File, Format Version 12.00
# Visual Studio Version 16
VisualStudioVersion = 16.0.31005.135
MinimumVisualStudioVersion = 10.0.40219.1
Project("{FAE04EC0-301F-11D3-BF4B-00C04F79EFBC}") = "Task01", "Task01\Task01.csproj", "{BFB75985-D30E-49CC-9220-4C034FA10C95}"
EndProject
Project("{FAE04EC0-301F-11D3-BF4B-00C04F79EFBC}") = "Task02", "Task02\Task02.csproj", "{81AFBD63-DDCA-4D23-A135-813F0B7FF373}"
EndProject
Project("{FAE04EC0-301F-11D3-BF4B-00C04F79EFBC}") = "Task03", "Task03\Task03.csproj", "{213BBE58-8050-4D12-A0C1-C1C2981F0FD2}"
EndProject
Project("{FAE04EC0-301F-11D3-BF4B-00C04F79EFBC}") = "Task04", "Task04\Task04.csproj", "{7C3607A6-6376-410C-B888-F4CBA0561773}"
EndProject
Project("{FAE04EC0-301F-11D3-BF4B-00C04F79EFBC}") = "Task05", "Task05\Task05.csproj", "{20E70C7D-515B-4240-929C-0752AE01F06C}"
EndProject
Project("{FAE04EC0-301F-11D3-BF4B-00C04F79EFBC}") = "Task06", "Task06\Task06.csproj", "{6C264AF6-1CBE-4E63-B7F9-CE55DC7B7344}"
EndProject
Project("{FAE04EC0-301F-11D3-BF4B-00C04F79EFBC}") = "Task07", "Task07\Task07.csproj", "{5DB5545E-DA91-4C66-99C2-03A0A49EA03C}"
EndProject
Project("{FAE04EC0-301F-11D3-BF4B-00C04F79EFBC}") = "Task11", "Task11\Task11.csproj", "{3ED23E54-D5C1-4C7F-A384-84CBDC78420E}"
EndProject
Project("{FAE04EC0-301F-11D3-BF4B-00C04F79EFBC}") = "TaskForLess4_2", "TaskForLess4_2\TaskForLess4_2.csproj", "{ED712273-2BD7-4224-9E1C-CA299BB91568}"
EndProject
Project("{FAE04EC0-301F-11D3-BF4B-00C04F79EFBC}") = "TaskForLess4_1", "TaskForLess4_1\TaskForLess4_1.csproj", "{6E327E89-5F8E-4D66-9FB2-E6C54E611846}"
EndProject
Project("{FAE04EC0-301F-11D3-BF4B-00C04F79EFBC}") = "Task08", "Task08\Task08.csproj", "{0E02FA6F-4AF8-45AA-88AD-BBB3F62F04B7}"
EndProject
Project("{FAE04EC0-301F-11D3-BF4B-00C04F79EFBC}") = "Task09", "Task09\Task09.csproj", "{D70D575E-A915-4E79-8925-6E71CBB5C429}"
EndProject
Project("{FAE04EC0-301F-11D3-BF4B-00C04F79EFBC}") = "Task10", "Task10\Task10.csproj", "{366C14E0-4535-47D1-9290-7699C1A8E2AC}"
EndProject
Global
	GlobalSection(SolutionConfigurationPlatforms) = preSolution
		Debug|Any CPU = Debug|Any CPU
		Release|Any CPU = Release|Any CPU
	EndGlobalSection
	GlobalSection(ProjectConfigurationPlatforms) = postSolution
		{BFB75985-D30E-49CC-9220-4C034FA10C95}.Debug|Any CPU.ActiveCfg = Debug|Any CPU
		{BFB75985-D30E-49CC-9220-4C034FA10C95}.Debug|Any CPU.Build.0 = Debug|Any CPU
		{BFB75985-D30E-49CC-9220-4C034FA10C95}.Release|Any CPU.ActiveCfg = Release|Any CPU
		{BFB75985-D30E-49CC-9220-4C034FA10C95}.Release|Any CPU.Build.0 = Release|Any CPU
		{81AFBD63-DDCA-4D23-A135-813F0B7FF373}.Debug|Any CPU.ActiveCfg = Debug|Any CPU
		{81AFBD63-DDCA-4D23-A135-813F0B7FF373}.Debug|Any CPU.Build.0 = Debug|Any CPU
		{81AFBD63-DDCA-4D23-A135-813F0B7FF373}.Release|Any CPU.ActiveCfg = Release|Any CPU
		{81AFBD63-DDCA-4D23-A135-813F0B7FF373}.Release|Any CPU.Build.0 = Release|Any CPU
		{213BBE58-8050-4D12-A0C1-C1C2981F0FD2}.Debug|Any CPU.ActiveCfg = Debug|Any CPU
		{213BBE58-8050-4D12-A0C1-C1C2981F0FD2}.Debug|Any CPU.Build.0 = Debug|Any CPU
		{213BBE58-8050-4D12-A0C1-C1C2981F0FD2}.Release|Any CPU.ActiveCfg = Release|Any CPU
		{213BBE58-8050-4D12-A0C1-C1C2981F0FD2}.Release|Any CPU.Build.0 = Release|Any CPU
		{7C3607A6-6376-410C-B888-F4CBA0561773}.Debug|Any CPU.ActiveCfg = Debug|Any CPU
		{7C3607A6-6376-410C-B888-F4CBA0561773}.Debug|Any CPU.Build.0 = Debug|Any CPU
		{7C3607A6-6376-410C-B888-F4CBA0561773}.Release|Any CPU.ActiveCfg = Release|Any CPU
		{7C3607A6-6376-410C-B888-F4CBA0561773}.Release|Any CPU.Build.0 = Release|Any CPU
		{20E70C7D-515B-4240-929C-0752AE01F06C}.Debug|Any CPU.ActiveCfg = Debug|Any CPU
		{20E70C7D-515B-4240-929C-0752AE01F06C}.Debug|Any CPU.Build.0 = Debug|Any CPU
		{20E70C7D-515B-4240-929C-0752AE01F06C}.Release|Any CPU.ActiveCfg = Release|Any CPU
		{20E70C7D-515B-4240-929C-0752AE01F06C}.Release|Any CPU.Build.0 = Release|Any CPU
		{6C264AF6-1CBE-4E63-B7F9-CE55DC7B7344}.Debug|Any CPU.ActiveCfg = Debug|Any CPU
		{6C264AF6-1CBE-4E63-B7F9-CE55DC7B7344}.Debug|Any CPU.Build.0 = Debug|Any CPU
		{6C264AF6-1CBE-4E63-B7F9-CE55DC7B7344}.Release|Any CPU.ActiveCfg = Release|Any CPU
		{6C264AF6-1CBE-4E63-B7F9-CE55DC7B7344}.Release|Any CPU.Build.0 = Release|Any CPU
		{5DB5545E-DA91-4C66-99C2-03A0A49EA03C}.Debug|Any CPU.ActiveCfg = Debug|Any CPU
		{5DB5545E-DA91-4C66-99C2-03A0A49EA03C}.Debug|Any CPU.Build.0 = Debug|Any CPU
		{5DB5545E-DA91-4C66-99C2-03A0A49EA03C}.Release|Any CPU.ActiveCfg = Release|Any CPU
		{5DB5545E-DA91-4C66-99C2-03A0A49EA03C}.Release|Any CPU.Build.0 = Release|Any CPU
		{3ED23E54-D5C1-4C7F-A384-84CBDC78420E}.Debug|Any CPU.ActiveCfg = Debug|Any CPU
		{3ED23E54-D5C1-4C7F-A384-84CBDC78420E}.Debug|Any CPU.Build.0 = Debug|Any CPU
		{3ED23E54-D5C1-4C7F-A384-84CBDC78420E}.Release|Any CPU.ActiveCfg = Release|Any CPU
		{3ED23E54-D5C1-4C7F-A384-84CBDC78420E}.Release|Any CPU.Build.0 = Release|Any CPU
		{ED712273-2BD7-4224-9E1C-CA299BB91568}.Debug|Any CPU.ActiveCfg = Debug|Any CPU
		{ED712273-2BD7-4224-9E1C-CA299BB91568}.Debug|Any CPU.Build.0 = Debug|Any CPU
		{ED712273-2BD7-4224-9E1C-CA299BB91568}.Release|Any CPU.ActiveCfg = Release|Any CPU
		{ED712273-2BD7-4224-9E1C-CA299BB91568}.Release|Any CPU.Build.0 = Release|Any CPU
		{6E327E89-5F8E-4D66-9FB2-E6C54E611846}.Debug|Any CPU.ActiveCfg = Debug|Any CPU
		{6E327E89-5F8E-4D66-9FB2-E6C54E611846}.Debug|Any CPU.Build.0 = Debug|Any CPU
		{6E327E89-5F8E-4D66-9FB2-E6C54E611846}.Release|Any CPU.ActiveCfg = Release|Any CPU
		{6E327E89-5F8E-4D66-9FB2-E6C54E611846}.Release|Any CPU.Build.0 = Release|Any CPU
		{0E02FA6F-4AF8-45AA-88AD-BBB3F62F04B7}.Debug|Any CPU.ActiveCfg = Debug|Any CPU
		{0E02FA6F-4AF8-45AA-88AD-BBB3F62F04B7}.Debug|Any CPU.Build.0 = Debug|Any CPU
		{0E02FA6F-4AF8-45AA-88AD-BBB3F62F04B7}.Release|Any CPU.ActiveCfg = Release|Any CPU
		{0E02FA6F-4AF8-45AA-88AD-BBB3F62F04B7}.Release|Any CPU.Build.0 = Release|Any CPU
		{D70D575E-A915-4E79-8925-6E71CBB5C429}.Debug|Any CPU.ActiveCfg = Debug|Any CPU
		{D70D575E-A915-4E79-8925-6E71CBB5C429}.Debug|Any CPU.Build.0 = Debug|Any CPU
		{D70D575E-A915-4E79-8925-6E71CBB5C429}.Release|Any CPU.ActiveCfg = Release|Any CPU
		{D70D575E-A915-4E79-8925-6E71CBB5C429}.Release|Any CPU.Build.0 = Release|Any CPU
		{366C14E0-4535-47D1-9290-7699C1A8E2AC}.Debug|Any CPU.ActiveCfg = Debug|Any CPU
		{366C14E0-4535-47D1-9290-7699C1A8E2AC}.Debug|Any CPU.Build.0 = Debug|Any CPU
		{366C14E0-4535-47D1-9290-7699C1A8E2AC}.Release|Any CPU.ActiveCfg = Release|Any CPU
		{366C14E0-4535-47D1-9290-7699C1A8E2AC}.Release|Any CPU.Build.0 = Release|Any CPU
	EndGlobalSection
	GlobalSection(SolutionProperties) = preSolution
		HideSolutionNode = FALSE
	EndGlobalSection
	GlobalSection(ExtensibilityGlobals) = postSolution
		SolutionGuid = {8837035E-6A89-461D-8A56-AA6EA69904CC}
	EndGlobalSection
EndGlobal
